{
  "requires": true,
  "lockfileVersion": 1,
  "dependencies": {
    "bootstrap": {
      "version": "4.1.3",
      "resolved": "https://registry.npmjs.org/bootstrap/-/bootstrap-4.1.3.tgz",
      "integrity": "sha512-rDFIzgXcof0jDyjNosjv4Sno77X4KuPeFxG2XZZv1/Kc8DRVGVADdoQyyOVDwPqL36DDmtCQbrpMCqvpPLJQ0w=="
    },
    "bootstrap-v4-rtl": {
      "version": "4.1.1-0",
      "resolved": "https://registry.npmjs.org/bootstrap-v4-rtl/-/bootstrap-v4-rtl-4.1.1-0.tgz",
      "integrity": "sha512-SdIrG3ykSzG+XUPWg5929wk1sUmoOW61q+eBHZzAvmJEuSoccgq4oajfM4hUOaJ/GXnb2gHrew7WWTM2bT+K+w=="
    },
    "samim-font": {
      "version": "1.0.2",
      "resolved": "https://registry.npmjs.org/samim-font/-/samim-font-1.0.2.tgz",
      "integrity": "sha1-D9xEKfZO2uWgY6Lc9z7eIY13aZo="
    }
  }
}
